Microsoft Visual Studio Solution File, Format Version 12.00
# Visual Studio 14
VisualStudioVersion = 14.0.25420.1
MinimumVisualStudioVersion = 10.0.40219.1
Project("{2150E333-8FDC-42A3-9474-1A3956D46DE8}") = "src", "src", "{61EF525C-05D7-466F-81C9-4D008E931129}"
EndProject
Project("{2150E333-8FDC-42A3-9474-1A3956D46DE8}") = "test", "test", "{B7830DEA-D115-49DE-A576-78BBBE650833}"
EndProject
Project("{8BB2217D-0F2D-49D1-97BC-3654ED321F3B}") = "Leet.Corelib", "src\Leet.Corelib\Leet.Corelib.xproj", "{8E11328B-8FA8-4BB4-B0FC-DEEB7A7E2BCB}"
EndProject
Project("{8BB2217D-0F2D-49D1-97BC-3654ED321F3B}") = "Leet.Tests.Corelib", "test\Leet.Tests.Corelib\Leet.Tests.Corelib.xproj", "{623ABD0A-78D3-4597-83A4-B8D565EE65EC}"
EndProject
Project("{2150E333-8FDC-42A3-9474-1A3956D46DE8}") = "Solution Items", "Solution Items", "{56D6B448-480A-4014-BE00-CE6F530D6B6C}"
	ProjectSection(SolutionItems) = preProject
		.gitattributes = .gitattributes
		.gitignore = .gitignore
		.travis.yml = .travis.yml
		appveyor.yml = appveyor.yml
		build.cmd = build.cmd
		build.ps1 = build.ps1
		build.sh = build.sh
		CodeAnalysis.ruleset = CodeAnalysis.ruleset
		global.json = global.json
		LICENSE.txt = LICENSE.txt
		makefile.shade = makefile.shade
		NuGet.config = NuGet.config
		NuGet.master.config = NuGet.master.config
		README.md = README.md
		StyleCop.json = StyleCop.json
	EndProjectSection
EndProject
Global
	GlobalSection(SolutionConfigurationPlatforms) = preSolution
		Debug|Any CPU = Debug|Any CPU
		Release|Any CPU = Release|Any CPU
	EndGlobalSection
	GlobalSection(ProjectConfigurationPlatforms) = postSolution
		{8E11328B-8FA8-4BB4-B0FC-DEEB7A7E2BCB}.Debug|Any CPU.ActiveCfg = Debug|Any CPU
		{8E11328B-8FA8-4BB4-B0FC-DEEB7A7E2BCB}.Debug|Any CPU.Build.0 = Debug|Any CPU
		{8E11328B-8FA8-4BB4-B0FC-DEEB7A7E2BCB}.Release|Any CPU.ActiveCfg = Release|Any CPU
		{8E11328B-8FA8-4BB4-B0FC-DEEB7A7E2BCB}.Release|Any CPU.Build.0 = Release|Any CPU
		{623ABD0A-78D3-4597-83A4-B8D565EE65EC}.Debug|Any CPU.ActiveCfg = Debug|Any CPU
		{623ABD0A-78D3-4597-83A4-B8D565EE65EC}.Debug|Any CPU.Build.0 = Debug|Any CPU
		{623ABD0A-78D3-4597-83A4-B8D565EE65EC}.Release|Any CPU.ActiveCfg = Release|Any CPU
		{623ABD0A-78D3-4597-83A4-B8D565EE65EC}.Release|Any CPU.Build.0 = Release|Any CPU
	EndGlobalSection
	GlobalSection(SolutionProperties) = preSolution
		HideSolutionNode = FALSE
	EndGlobalSection
	GlobalSection(NestedProjects) = preSolution
		{8E11328B-8FA8-4BB4-B0FC-DEEB7A7E2BCB} = {61EF525C-05D7-466F-81C9-4D008E931129}
		{623ABD0A-78D3-4597-83A4-B8D565EE65EC} = {B7830DEA-D115-49DE-A576-78BBBE650833}
	EndGlobalSection
EndGlobal
